// !$*UTF8*$!
{
	archiveVersion = 1;
	classes = {
	};
	objectVersion = 46;
	objects = {

/* Begin PBXBuildFile section */
		E2099FE515B04B1B00C3B56C /* UIKit.framework in Frameworks */ = {isa = PBXBuildFile; fileRef = E2099FE415B04B1B00C3B56C /* UIKit.framework */; };
		E2099FE715B04B1B00C3B56C /* Foundation.framework in Frameworks */ = {isa = PBXBuildFile; fileRef = E2099FE615B04B1B00C3B56C /* Foundation.framework */; };
		E2099FE915B04B1B00C3B56C /* CoreGraphics.framework in Frameworks */ = {isa = PBXBuildFile; fileRef = E2099FE815B04B1B00C3B56C /* CoreGraphics.framework */; };
		E2099FEF15B04B1B00C3B56C /* InfoPlist.strings in Resources */ = {isa = PBXBuildFile; fileRef = E2099FED15B04B1B00C3B56C /* InfoPlist.strings */; };
		E2099FF115B04B1B00C3B56C /* main.m in Sources */ = {isa = PBXBuildFile; fileRef = E2099FF015B04B1B00C3B56C /* main.m */; };
		E2099FF515B04B1B00C3B56C /* AppDelegate.m in Sources */ = {isa = PBXBuildFile; fileRef = E2099FF415B04B1B00C3B56C /* AppDelegate.m */; };
		E2099FF815B04B1B00C3B56C /* ViewController.m in Sources */ = {isa = PBXBuildFile; fileRef = E2099FF715B04B1B00C3B56C /* ViewController.m */; };
		E2099FFB15B04B1B00C3B56C /* ViewController.xib in Resources */ = {isa = PBXBuildFile; fileRef = E2099FF915B04B1B00C3B56C /* ViewController.xib */; };
/* End PBXBuildFile section */

/* Begin PBXFileReference section */
		E2099FE015B04B1B00C3B56C /* Drache.app */ = {isa = PBXFileReference; explicitFileType = wrapper.application; includeInIndex = 0; path = Drache.app; sourceTree = BUILT_PRODUCTS_DIR; };
		E2099FE415B04B1B00C3B56C /* UIKit.framework */ = {isa = PBXFileReference; lastKnownFileType = wrapper.framework; name = UIKit.framework; path = System/Library/Frameworks/UIKit.framework; sourceTree = SDKROOT; };
		E2099FE615B04B1B00C3B56C /* Foundation.framework */ = {isa = PBXFileReference; lastKnownFileType = wrapper.framework; name = Foundation.framework; path = System/Library/Frameworks/Foundation.framework; sourceTree = SDKROOT; };
		E2099FE815B04B1B00C3B56C /* CoreGraphics.framework */ = {isa = PBXFileReference; lastKnownFileType = wrapper.framework; name = CoreGraphics.framework; path = System/Library/Frameworks/CoreGraphics.framework; sourceTree = SDKROOT; };
		E2099FEC15B04B1B00C3B56C /* Drache-Info.plist */ = {isa = PBXFileReference; lastKnownFileType = text.plist.xml; path = "Drache-Info.plist"; sourceTree = "<group>"; };
		E2099FEE15B04B1B00C3B56C /* en */ = {isa = PBXFileReference; lastKnownFileType = text.plist.strings; name = en; path = en.lproj/InfoPlist.strings; sourceTree = "<group>"; };
		E2099FF015B04B1B00C3B56C /* main.m */ = {isa = PBXFileReference; lastKnownFileType = sourcecode.c.objc; path = main.m; sourceTree = "<group>"; };
		E2099FF215B04B1B00C3B56C /* Drache-Prefix.pch */ = {isa = PBXFileReference; lastKnownFileType = sourcecode.c.h; path = "Drache-Prefix.pch"; sourceTree = "<group>"; };
		E2099FF315B04B1B00C3B56C /* AppDelegate.h */ = {isa = PBXFileReference; lastKnownFileType = sourcecode.c.h; path = AppDelegate.h; sourceTree = "<group>"; };
		E2099FF415B04B1B00C3B56C /* AppDelegate.m */ = {isa = PBXFileReference; lastKnownFileType = sourcecode.c.objc; path = AppDelegate.m; sourceTree = "<group>"; };
		E2099FF615B04B1B00C3B56C /* ViewController.h */ = {isa = PBXFileReference; lastKnownFileType = sourcecode.c.h; path = ViewController.h; sourceTree = "<group>"; };
		E2099FF715B04B1B00C3B56C /* ViewController.m */ = {isa = PBXFileReference; lastKnownFileType = sourcecode.c.objc; path = ViewController.m; sourceTree = "<group>"; };
		E2099FFA15B04B1B00C3B56C /* en */ = {isa = PBXFileReference; lastKnownFileType = file.xib; name = en; path = en.lproj/ViewController.xib; sourceTree = "<group>"; };
/* End PBXFileReference section */

/* Begin PBXFrameworksBuildPhase section */
		E2099FDD15B04B1B00C3B56C /* Frameworks */ = {
			isa = PBXFrameworksBuildPhase;
			buildActionMask = 2147483647;
			files = (
				E2099FE515B04B1B00C3B56C /* UIKit.framework in Frameworks */,
				E2099FE715B04B1B00C3B56C /* Foundation.framework in Frameworks */,
				E2099FE915B04B1B00C3B56C /* CoreGraphics.framework in Frameworks */,
			);
			runOnlyForDeploymentPostprocessing = 0;
		};
/* End PBXFrameworksBuildPhase section */

/* Begin PBXGroup section */
		E2099FD515B04B1B00C3B56C = {
			isa = PBXGroup;
			children = (
				E2099FEA15B04B1B00C3B56C /* Drache */,
				E2099FE315B04B1B00C3B56C /* Frameworks */,
				E2099FE115B04B1B00C3B56C /* Products */,
			);
			sourceTree = "<group>";
		};
		E2099FE115B04B1B00C3B56C /* Products */ = {
			isa = PBXGroup;
			children = (
				E2099FE015B04B1B00C3B56C /* Drache.app */,
			);
			name = Products;
			sourceTree = "<group>";
		};
		E2099FE315B04B1B00C3B56C /* Frameworks */ = {
			isa = PBXGroup;
			children = (
				E2099FE415B04B1B00C3B56C /* UIKit.framework */,
				E2099FE615B04B1B00C3B56C /* Foundation.framework */,
				E2099FE815B04B1B00C3B56C /* CoreGraphics.framework */,
			);
			name = Frameworks;
			sourceTree = "<group>";
		};
		E2099FEA15B04B1B00C3B56C /* Drache */ = {
			isa = PBXGroup;
			children = (
				E2099FF315B04B1B00C3B56C /* AppDelegate.h */,
				E2099FF415B04B1B00C3B56C /* AppDelegate.m */,
				E2099FF615B04B1B00C3B56C /* ViewController.h */,
				E2099FF715B04B1B00C3B56C /* ViewController.m */,
				E2099FF915B04B1B00C3B56C /* ViewController.xib */,
				E2099FEB15B04B1B00C3B56C /* Supporting Files */,
			);
			path = Drache;
			sourceTree = "<group>";
		};
		E2099FEB15B04B1B00C3B56C /* Supporting Files */ = {
			isa = PBXGroup;
			children = (
				E2099FEC15B04B1B00C3B56C /* Drache-Info.plist */,
				E2099FED15B04B1B00C3B56C /* InfoPlist.strings */,
				E2099FF015B04B1B00C3B56C /* main.m */,
				E2099FF215B04B1B00C3B56C /* Drache-Prefix.pch */,
			);
			name = "Supporting Files";
			sourceTree = "<group>";
		};
/* End PBXGroup section */

/* Begin PBXNativeTarget section */
		E2099FDF15B04B1B00C3B56C /* Drache */ = {
			isa = PBXNativeTarget;
			buildConfigurationList = E2099FFE15B04B1B00C3B56C /* Build configuration list for PBXNativeTarget "Drache" */;
			buildPhases = (
				E2099FDC15B04B1B00C3B56C /* Sources */,
				E2099FDD15B04B1B00C3B56C /* Frameworks */,
				E2099FDE15B04B1B00C3B56C /* Resources */,
			);
			buildRules = (
			);
			dependencies = (
			);
			name = Drache;
			productName = Drache;
			productReference = E2099FE015B04B1B00C3B56C /* Drache.app */;
			productType = "com.apple.product-type.application";
		};
/* End PBXNativeTarget section */

/* Begin PBXProject section */
		E2099FD715B04B1B00C3B56C /* Project object */ = {
			isa = PBXProject;
			attributes = {
				LastUpgradeCheck = 0450;
				ORGANIZATIONNAME = "Tom Adriaenssen";
			};
			buildConfigurationList = E2099FDA15B04B1B00C3B56C /* Build configuration list for PBXProject "Drache" */;
			compatibilityVersion = "Xcode 3.2";
			developmentRegion = English;
			hasScannedForEncodings = 0;
			knownRegions = (
				en,
			);
			mainGroup = E2099FD515B04B1B00C3B56C;
			productRefGroup = E2099FE115B04B1B00C3B56C /* Products */;
			projectDirPath = "";
			projectRoot = "";
			targets = (
				E2099FDF15B04B1B00C3B56C /* Drache */,
			);
		};
/* End PBXProject section */

/* Begin PBXResourcesBuildPhase section */
		E2099FDE15B04B1B00C3B56C /* Resources */ = {
			isa = PBXResourcesBuildPhase;
			buildActionMask = 2147483647;
			files = (
				E2099FEF15B04B1B00C3B56C /* InfoPlist.strings in Resources */,
				E2099FFB15B04B1B00C3B56C /* ViewController.xib in Resources */,
			);
			runOnlyForDeploymentPostprocessing = 0;
		};
/* End PBXResourcesBuildPhase section */

/* Begin PBXSourcesBuildPhase section */
		E2099FDC15B04B1B00C3B56C /* Sources */ = {
			isa = PBXSourcesBuildPhase;
			buildActionMask = 2147483647;
			files = (
				E2099FF115B04B1B00C3B56C /* main.m in Sources */,
				E2099FF515B04B1B00C3B56C /* AppDelegate.m in Sources */,
				E2099FF815B04B1B00C3B56C /* ViewController.m in Sources */,
			);
			runOnlyForDeploymentPostprocessing = 0;
		};
/* End PBXSourcesBuildPhase section */

/* Begin PBXVariantGroup section */
		E2099FED15B04B1B00C3B56C /* InfoPlist.strings */ = {
			isa = PBXVariantGroup;
			children = (
				E2099FEE15B04B1B00C3B56C /* en */,
			);
			name = InfoPlist.strings;
			sourceTree = "<group>";
		};
		E2099FF915B04B1B00C3B56C /* ViewController.xib */ = {
			isa = PBXVariantGroup;
			children = (
				E2099FFA15B04B1B00C3B56C /* en */,
			);
			name = ViewController.xib;
			sourceTree = "<group>";
		};
/* End PBXVariantGroup section */

/* Begin XCBuildConfiguration section */
		E2099FFC15B04B1B00C3B56C /* Debug */ = {
			isa = XCBuildConfiguration;
			buildSettings = {
				ALWAYS_SEARCH_USER_PATHS = NO;
				CLANG_CXX_LANGUAGE_STANDARD = "gnu++0x";
				CLANG_ENABLE_OBJC_ARC = YES;
				CLANG_WARN__DUPLICATE_METHOD_MATCH = YES;
				"CODE_SIGN_IDENTITY[sdk=iphoneos*]" = "iPhone Developer";
				COPY_PHASE_STRIP = NO;
				GCC_C_LANGUAGE_STANDARD = gnu99;
				GCC_DYNAMIC_NO_PIC = NO;
				GCC_OPTIMIZATION_LEVEL = 0;
				GCC_PREPROCESSOR_DEFINITIONS = (
					"DEBUG=1",
					"$(inherited)",
				);
				GCC_SYMBOLS_PRIVATE_EXTERN = NO;
				GCC_WARN_ABOUT_RETURN_TYPE = YES;
				GCC_WARN_UNINITIALIZED_AUTOS = YES;
				GCC_WARN_UNUSED_VARIABLE = YES;
				IPHONEOS_DEPLOYMENT_TARGET = 6.0;
				SDKROOT = iphoneos;
			};
			name = Debug;
		};
		E2099FFD15B04B1B00C3B56C /* Release */ = {
			isa = XCBuildConfiguration;
			buildSettings = {
				ALWAYS_SEARCH_USER_PATHS = NO;
				CLANG_CXX_LANGUAGE_STANDARD = "gnu++0x";
				CLANG_ENABLE_OBJC_ARC = YES;
				CLANG_WARN__DUPLICATE_METHOD_MATCH = YES;
				"CODE_SIGN_IDENTITY[sdk=iphoneos*]" = "iPhone Developer";
				COPY_PHASE_STRIP = YES;
				GCC_C_LANGUAGE_STANDARD = gnu99;
				GCC_WARN_ABOUT_RETURN_TYPE = YES;
				GCC_WARN_UNINITIALIZED_AUTOS = YES;
				GCC_WARN_UNUSED_VARIABLE = YES;
				IPHONEOS_DEPLOYMENT_TARGET = 6.0;
				OTHER_CFLAGS = "-DNS_BLOCK_ASSERTIONS=1";
				SDKROOT = iphoneos;
				VALIDATE_PRODUCT = YES;
			};
			name = Release;
		};
		E2099FFF15B04B1B00C3B56C /* Debug */ = {
			isa = XCBuildConfiguration;
			buildSettings = {
				GCC_PRECOMPILE_PREFIX_HEADER = YES;
				GCC_PREFIX_HEADER = "Drache/Drache-Prefix.pch";
				INFOPLIST_FILE = "Drache/Drache-Info.plist";
				PRODUCT_NAME = "$(TARGET_NAME)";
				WRAPPER_EXTENSION = app;
			};
			name = Debug;
		};
		E209A00015B04B1B00C3B56C /* Release */ = {
			isa = XCBuildConfiguration;
			buildSettings = {
				GCC_PRECOMPILE_PREFIX_HEADER = YES;
				GCC_PREFIX_HEADER = "Drache/Drache-Prefix.pch";
				INFOPLIST_FILE = "Drache/Drache-Info.plist";
				PRODUCT_NAME = "$(TARGET_NAME)";
				WRAPPER_EXTENSION = app;
			};
			name = Release;
		};
/* End XCBuildConfiguration section */

/* Begin XCConfigurationList section */
		E2099FDA15B04B1B00C3B56C /* Build configuration list for PBXProject "Drache" */ = {
			isa = XCConfigurationList;
			buildConfigurations = (
				E2099FFC15B04B1B00C3B56C /* Debug */,
				E2099FFD15B04B1B00C3B56C /* Release */,
			);
			defaultConfigurationIsVisible = 0;
			defaultConfigurationName = Release;
		};
		E2099FFE15B04B1B00C3B56C /* Build configuration list for PBXNativeTarget "Drache" */ = {
			isa = XCConfigurationList;
			buildConfigurations = (
				E2099FFF15B04B1B00C3B56C /* Debug */,
				E209A00015B04B1B00C3B56C /* Release */,
			);
			defaultConfigurationIsVisible = 0;
		};
/* End XCConfigurationList section */
	};
	rootObject = E2099FD715B04B1B00C3B56C /* Project object */;
}
