// !$*UTF8*$!
{
	archiveVersion = 1;
	classes = {
	};
	objectVersion = 46;
	objects = {

/* Begin PBXBuildFile section */
		E2A17FE615CDAEBC00BEE39E /* Cocoa.framework in Frameworks */ = {isa = PBXBuildFile; fileRef = E2A17FE515CDAEBC00BEE39E /* Cocoa.framework */; };
		E2A17FF015CDAEBC00BEE39E /* InfoPlist.strings in Resources */ = {isa = PBXBuildFile; fileRef = E2A17FEE15CDAEBC00BEE39E /* InfoPlist.strings */; };
		E2A17FF215CDAEBC00BEE39E /* main.m in Sources */ = {isa = PBXBuildFile; fileRef = E2A17FF115CDAEBC00BEE39E /* main.m */; };
		E2A17FF615CDAEBC00BEE39E /* Credits.rtf in Resources */ = {isa = PBXBuildFile; fileRef = E2A17FF415CDAEBC00BEE39E /* Credits.rtf */; };
		E2A17FF915CDAEBC00BEE39E /* AppDelegate.m in Sources */ = {isa = PBXBuildFile; fileRef = E2A17FF815CDAEBC00BEE39E /* AppDelegate.m */; };
		E2A17FFC15CDAEBC00BEE39E /* MainMenu.xib in Resources */ = {isa = PBXBuildFile; fileRef = E2A17FFA15CDAEBC00BEE39E /* MainMenu.xib */; };
		E2A1800C15CDD75300BEE39E /* IIPopoverStatusItem.m in Sources */ = {isa = PBXBuildFile; fileRef = E2A1800B15CDD75300BEE39E /* IIPopoverStatusItem.m */; };
		E2A1800F15CDE82100BEE39E /* MainViewController.m in Sources */ = {isa = PBXBuildFile; fileRef = E2A1800E15CDE82100BEE39E /* MainViewController.m */; };
		E2A1801115CDE8A900BEE39E /* MainView.xib in Resources */ = {isa = PBXBuildFile; fileRef = E2A1801015CDE8A800BEE39E /* MainView.xib */; };
		E2A1801415CDF3E700BEE39E /* DotsLayer.m in Sources */ = {isa = PBXBuildFile; fileRef = E2A1801215CDF3E700BEE39E /* DotsLayer.m */; };
		E2A1801815CE74BD00BEE39E /* status0.png in Resources */ = {isa = PBXBuildFile; fileRef = E2A1801615CE74BD00BEE39E /* status0.png */; };
		E2A1801915CE74BD00BEE39E /* status0@2x.png in Resources */ = {isa = PBXBuildFile; fileRef = E2A1801715CE74BD00BEE39E /* status0@2x.png */; };
		E2A1801B15CE74D500BEE39E /* QuartzCore.framework in Frameworks */ = {isa = PBXBuildFile; fileRef = E2A1801A15CE74D500BEE39E /* QuartzCore.framework */; };
		E2A1801E15CE754300BEE39E /* DataView.m in Sources */ = {isa = PBXBuildFile; fileRef = E2A1801D15CE754300BEE39E /* DataView.m */; };
		E2A1802015CE776900BEE39E /* DataView.xib in Resources */ = {isa = PBXBuildFile; fileRef = E2A1801F15CE776900BEE39E /* DataView.xib */; };
/* End PBXBuildFile section */

/* Begin PBXFileReference section */
		E2A17FE115CDAEBC00BEE39E /* MacDrache.app */ = {isa = PBXFileReference; explicitFileType = wrapper.application; includeInIndex = 0; path = MacDrache.app; sourceTree = BUILT_PRODUCTS_DIR; };
		E2A17FE515CDAEBC00BEE39E /* Cocoa.framework */ = {isa = PBXFileReference; lastKnownFileType = wrapper.framework; name = Cocoa.framework; path = System/Library/Frameworks/Cocoa.framework; sourceTree = SDKROOT; };
		E2A17FE815CDAEBC00BEE39E /* AppKit.framework */ = {isa = PBXFileReference; lastKnownFileType = wrapper.framework; name = AppKit.framework; path = System/Library/Frameworks/AppKit.framework; sourceTree = SDKROOT; };
		E2A17FE915CDAEBC00BEE39E /* CoreData.framework */ = {isa = PBXFileReference; lastKnownFileType = wrapper.framework; name = CoreData.framework; path = System/Library/Frameworks/CoreData.framework; sourceTree = SDKROOT; };
		E2A17FEA15CDAEBC00BEE39E /* Foundation.framework */ = {isa = PBXFileReference; lastKnownFileType = wrapper.framework; name = Foundation.framework; path = System/Library/Frameworks/Foundation.framework; sourceTree = SDKROOT; };
		E2A17FED15CDAEBC00BEE39E /* MacDrache-Info.plist */ = {isa = PBXFileReference; lastKnownFileType = text.plist.xml; path = "MacDrache-Info.plist"; sourceTree = "<group>"; };
		E2A17FEF15CDAEBC00BEE39E /* en */ = {isa = PBXFileReference; lastKnownFileType = text.plist.strings; name = en; path = en.lproj/InfoPlist.strings; sourceTree = "<group>"; };
		E2A17FF115CDAEBC00BEE39E /* main.m */ = {isa = PBXFileReference; lastKnownFileType = sourcecode.c.objc; path = main.m; sourceTree = "<group>"; };
		E2A17FF315CDAEBC00BEE39E /* MacDrache-Prefix.pch */ = {isa = PBXFileReference; lastKnownFileType = sourcecode.c.h; path = "MacDrache-Prefix.pch"; sourceTree = "<group>"; };
		E2A17FF515CDAEBC00BEE39E /* en */ = {isa = PBXFileReference; lastKnownFileType = text.rtf; name = en; path = en.lproj/Credits.rtf; sourceTree = "<group>"; };
		E2A17FF715CDAEBC00BEE39E /* AppDelegate.h */ = {isa = PBXFileReference; lastKnownFileType = sourcecode.c.h; path = AppDelegate.h; sourceTree = "<group>"; };
		E2A17FF815CDAEBC00BEE39E /* AppDelegate.m */ = {isa = PBXFileReference; lastKnownFileType = sourcecode.c.objc; path = AppDelegate.m; sourceTree = "<group>"; };
		E2A17FFB15CDAEBC00BEE39E /* en */ = {isa = PBXFileReference; lastKnownFileType = file.xib; name = en; path = en.lproj/MainMenu.xib; sourceTree = "<group>"; };
		E2A1800215CDAEE300BEE39E /* MacDrache.entitlements */ = {isa = PBXFileReference; lastKnownFileType = text.xml; path = MacDrache.entitlements; sourceTree = "<group>"; };
		E2A1800A15CDD75300BEE39E /* IIPopoverStatusItem.h */ = {isa = PBXFileReference; fileEncoding = 4; lastKnownFileType = sourcecode.c.h; path = IIPopoverStatusItem.h; sourceTree = "<group>"; };
		E2A1800B15CDD75300BEE39E /* IIPopoverStatusItem.m */ = {isa = PBXFileReference; fileEncoding = 4; lastKnownFileType = sourcecode.c.objc; path = IIPopoverStatusItem.m; sourceTree = "<group>"; };
		E2A1800D15CDE82100BEE39E /* MainViewController.h */ = {isa = PBXFileReference; fileEncoding = 4; lastKnownFileType = sourcecode.c.h; path = MainViewController.h; sourceTree = "<group>"; };
		E2A1800E15CDE82100BEE39E /* MainViewController.m */ = {isa = PBXFileReference; fileEncoding = 4; lastKnownFileType = sourcecode.c.objc; path = MainViewController.m; sourceTree = "<group>"; };
		E2A1801015CDE8A800BEE39E /* MainView.xib */ = {isa = PBXFileReference; fileEncoding = 4; lastKnownFileType = file.xib; path = MainView.xib; sourceTree = "<group>"; };
		E2A1801215CDF3E700BEE39E /* DotsLayer.m */ = {isa = PBXFileReference; fileEncoding = 4; lastKnownFileType = sourcecode.c.objc; name = DotsLayer.m; path = ../../../Drache/Drache/DotsLayer.m; sourceTree = "<group>"; };
		E2A1801315CDF3E700BEE39E /* DotsLayer.h */ = {isa = PBXFileReference; fileEncoding = 4; lastKnownFileType = sourcecode.c.h; name = DotsLayer.h; path = ../../../Drache/Drache/DotsLayer.h; sourceTree = "<group>"; };
		E2A1801615CE74BD00BEE39E /* status0.png */ = {isa = PBXFileReference; lastKnownFileType = image.png; path = status0.png; sourceTree = "<group>"; };
		E2A1801715CE74BD00BEE39E /* status0@2x.png */ = {isa = PBXFileReference; lastKnownFileType = image.png; path = "status0@2x.png"; sourceTree = "<group>"; };
		E2A1801A15CE74D500BEE39E /* QuartzCore.framework */ = {isa = PBXFileReference; lastKnownFileType = wrapper.framework; name = QuartzCore.framework; path = System/Library/Frameworks/QuartzCore.framework; sourceTree = SDKROOT; };
		E2A1801C15CE754300BEE39E /* DataView.h */ = {isa = PBXFileReference; fileEncoding = 4; lastKnownFileType = sourcecode.c.h; path = DataView.h; sourceTree = "<group>"; };
		E2A1801D15CE754300BEE39E /* DataView.m */ = {isa = PBXFileReference; fileEncoding = 4; lastKnownFileType = sourcecode.c.objc; path = DataView.m; sourceTree = "<group>"; };
		E2A1801F15CE776900BEE39E /* DataView.xib */ = {isa = PBXFileReference; fileEncoding = 4; lastKnownFileType = file.xib; path = DataView.xib; sourceTree = "<group>"; };
/* End PBXFileReference section */

/* Begin PBXFrameworksBuildPhase section */
		E2A17FDE15CDAEBC00BEE39E /* Frameworks */ = {
			isa = PBXFrameworksBuildPhase;
			buildActionMask = 2147483647;
			files = (
				E2A1801B15CE74D500BEE39E /* QuartzCore.framework in Frameworks */,
				E2A17FE615CDAEBC00BEE39E /* Cocoa.framework in Frameworks */,
			);
			runOnlyForDeploymentPostprocessing = 0;
		};
/* End PBXFrameworksBuildPhase section */

/* Begin PBXGroup section */
		E2A17FD615CDAEBC00BEE39E = {
			isa = PBXGroup;
			children = (
				E2A1801A15CE74D500BEE39E /* QuartzCore.framework */,
				E2A17FEB15CDAEBC00BEE39E /* MacDrache */,
				E2A17FE415CDAEBC00BEE39E /* Frameworks */,
				E2A17FE215CDAEBC00BEE39E /* Products */,
			);
			sourceTree = "<group>";
		};
		E2A17FE215CDAEBC00BEE39E /* Products */ = {
			isa = PBXGroup;
			children = (
				E2A17FE115CDAEBC00BEE39E /* MacDrache.app */,
			);
			name = Products;
			sourceTree = "<group>";
		};
		E2A17FE415CDAEBC00BEE39E /* Frameworks */ = {
			isa = PBXGroup;
			children = (
				E2A17FE515CDAEBC00BEE39E /* Cocoa.framework */,
				E2A17FE715CDAEBC00BEE39E /* Other Frameworks */,
			);
			name = Frameworks;
			sourceTree = "<group>";
		};
		E2A17FE715CDAEBC00BEE39E /* Other Frameworks */ = {
			isa = PBXGroup;
			children = (
				E2A17FE815CDAEBC00BEE39E /* AppKit.framework */,
				E2A17FE915CDAEBC00BEE39E /* CoreData.framework */,
				E2A17FEA15CDAEBC00BEE39E /* Foundation.framework */,
			);
			name = "Other Frameworks";
			sourceTree = "<group>";
		};
		E2A17FEB15CDAEBC00BEE39E /* MacDrache */ = {
			isa = PBXGroup;
			children = (
				E2A1801515CE74BD00BEE39E /* assets */,
				E2A1800915CDCDA600BEE39E /* Views */,
				E2A1800215CDAEE300BEE39E /* MacDrache.entitlements */,
				E2A17FF715CDAEBC00BEE39E /* AppDelegate.h */,
				E2A17FF815CDAEBC00BEE39E /* AppDelegate.m */,
				E2A17FFA15CDAEBC00BEE39E /* MainMenu.xib */,
				E2A17FEC15CDAEBC00BEE39E /* Supporting Files */,
				E2A1800A15CDD75300BEE39E /* IIPopoverStatusItem.h */,
				E2A1800B15CDD75300BEE39E /* IIPopoverStatusItem.m */,
				E2A1800D15CDE82100BEE39E /* MainViewController.h */,
				E2A1800E15CDE82100BEE39E /* MainViewController.m */,
				E2A1801015CDE8A800BEE39E /* MainView.xib */,
			);
			path = MacDrache;
			sourceTree = "<group>";
		};
		E2A17FEC15CDAEBC00BEE39E /* Supporting Files */ = {
			isa = PBXGroup;
			children = (
				E2A17FED15CDAEBC00BEE39E /* MacDrache-Info.plist */,
				E2A17FEE15CDAEBC00BEE39E /* InfoPlist.strings */,
				E2A17FF115CDAEBC00BEE39E /* main.m */,
				E2A17FF315CDAEBC00BEE39E /* MacDrache-Prefix.pch */,
				E2A17FF415CDAEBC00BEE39E /* Credits.rtf */,
			);
			name = "Supporting Files";
			sourceTree = "<group>";
		};
		E2A1800915CDCDA600BEE39E /* Views */ = {
			isa = PBXGroup;
			children = (
				E2A1801215CDF3E700BEE39E /* DotsLayer.m */,
				E2A1801315CDF3E700BEE39E /* DotsLayer.h */,
				E2A1801C15CE754300BEE39E /* DataView.h */,
				E2A1801D15CE754300BEE39E /* DataView.m */,
				E2A1801F15CE776900BEE39E /* DataView.xib */,
			);
			path = Views;
			sourceTree = "<group>";
		};
		E2A1801515CE74BD00BEE39E /* assets */ = {
			isa = PBXGroup;
			children = (
				E2A1801615CE74BD00BEE39E /* status0.png */,
				E2A1801715CE74BD00BEE39E /* status0@2x.png */,
			);
			path = assets;
			sourceTree = "<group>";
		};
/* End PBXGroup section */

/* Begin PBXNativeTarget section */
		E2A17FE015CDAEBC00BEE39E /* MacDrache */ = {
			isa = PBXNativeTarget;
			buildConfigurationList = E2A17FFF15CDAEBC00BEE39E /* Build configuration list for PBXNativeTarget "MacDrache" */;
			buildPhases = (
				E2A17FDD15CDAEBC00BEE39E /* Sources */,
				E2A17FDE15CDAEBC00BEE39E /* Frameworks */,
				E2A17FDF15CDAEBC00BEE39E /* Resources */,
			);
			buildRules = (
			);
			dependencies = (
			);
			name = MacDrache;
			productName = MacDrache;
			productReference = E2A17FE115CDAEBC00BEE39E /* MacDrache.app */;
			productType = "com.apple.product-type.application";
		};
/* End PBXNativeTarget section */

/* Begin PBXProject section */
		E2A17FD815CDAEBC00BEE39E /* Project object */ = {
			isa = PBXProject;
			attributes = {
				LastUpgradeCheck = 0440;
				ORGANIZATIONNAME = "Tom Adriaenssen";
			};
			buildConfigurationList = E2A17FDB15CDAEBC00BEE39E /* Build configuration list for PBXProject "MacDrache" */;
			compatibilityVersion = "Xcode 3.2";
			developmentRegion = English;
			hasScannedForEncodings = 0;
			knownRegions = (
				en,
			);
			mainGroup = E2A17FD615CDAEBC00BEE39E;
			productRefGroup = E2A17FE215CDAEBC00BEE39E /* Products */;
			projectDirPath = "";
			projectRoot = "";
			targets = (
				E2A17FE015CDAEBC00BEE39E /* MacDrache */,
			);
		};
/* End PBXProject section */

/* Begin PBXResourcesBuildPhase section */
		E2A17FDF15CDAEBC00BEE39E /* Resources */ = {
			isa = PBXResourcesBuildPhase;
			buildActionMask = 2147483647;
			files = (
				E2A17FF015CDAEBC00BEE39E /* InfoPlist.strings in Resources */,
				E2A17FF615CDAEBC00BEE39E /* Credits.rtf in Resources */,
				E2A17FFC15CDAEBC00BEE39E /* MainMenu.xib in Resources */,
				E2A1801115CDE8A900BEE39E /* MainView.xib in Resources */,
				E2A1801815CE74BD00BEE39E /* status0.png in Resources */,
				E2A1801915CE74BD00BEE39E /* status0@2x.png in Resources */,
				E2A1802015CE776900BEE39E /* DataView.xib in Resources */,
			);
			runOnlyForDeploymentPostprocessing = 0;
		};
/* End PBXResourcesBuildPhase section */

/* Begin PBXSourcesBuildPhase section */
		E2A17FDD15CDAEBC00BEE39E /* Sources */ = {
			isa = PBXSourcesBuildPhase;
			buildActionMask = 2147483647;
			files = (
				E2A17FF215CDAEBC00BEE39E /* main.m in Sources */,
				E2A17FF915CDAEBC00BEE39E /* AppDelegate.m in Sources */,
				E2A1800C15CDD75300BEE39E /* IIPopoverStatusItem.m in Sources */,
				E2A1800F15CDE82100BEE39E /* MainViewController.m in Sources */,
				E2A1801415CDF3E700BEE39E /* DotsLayer.m in Sources */,
				E2A1801E15CE754300BEE39E /* DataView.m in Sources */,
			);
			runOnlyForDeploymentPostprocessing = 0;
		};
/* End PBXSourcesBuildPhase section */

/* Begin PBXVariantGroup section */
		E2A17FEE15CDAEBC00BEE39E /* InfoPlist.strings */ = {
			isa = PBXVariantGroup;
			children = (
				E2A17FEF15CDAEBC00BEE39E /* en */,
			);
			name = InfoPlist.strings;
			sourceTree = "<group>";
		};
		E2A17FF415CDAEBC00BEE39E /* Credits.rtf */ = {
			isa = PBXVariantGroup;
			children = (
				E2A17FF515CDAEBC00BEE39E /* en */,
			);
			name = Credits.rtf;
			sourceTree = "<group>";
		};
		E2A17FFA15CDAEBC00BEE39E /* MainMenu.xib */ = {
			isa = PBXVariantGroup;
			children = (
				E2A17FFB15CDAEBC00BEE39E /* en */,
			);
			name = MainMenu.xib;
			sourceTree = "<group>";
		};
/* End PBXVariantGroup section */

/* Begin XCBuildConfiguration section */
		E2A17FFD15CDAEBC00BEE39E /* Debug */ = {
			isa = XCBuildConfiguration;
			buildSettings = {
				ALWAYS_SEARCH_USER_PATHS = NO;
				ARCHS = "$(ARCHS_STANDARD_64_BIT)";
				CLANG_CXX_LANGUAGE_STANDARD = "gnu++0x";
				CLANG_ENABLE_OBJC_ARC = YES;
				CLANG_WARN__DUPLICATE_METHOD_MATCH = YES;
				COPY_PHASE_STRIP = NO;
				GCC_C_LANGUAGE_STANDARD = gnu99;
				GCC_DYNAMIC_NO_PIC = NO;
				GCC_ENABLE_OBJC_EXCEPTIONS = YES;
				GCC_OPTIMIZATION_LEVEL = 0;
				GCC_PREPROCESSOR_DEFINITIONS = (
					"DEBUG=1",
					"$(inherited)",
				);
				GCC_SYMBOLS_PRIVATE_EXTERN = NO;
				GCC_WARN_64_TO_32_BIT_CONVERSION = YES;
				GCC_WARN_ABOUT_RETURN_TYPE = YES;
				GCC_WARN_UNINITIALIZED_AUTOS = YES;
				GCC_WARN_UNUSED_VARIABLE = YES;
				MACOSX_DEPLOYMENT_TARGET = 10.8;
				ONLY_ACTIVE_ARCH = YES;
				SDKROOT = macosx;
			};
			name = Debug;
		};
		E2A17FFE15CDAEBC00BEE39E /* Release */ = {
			isa = XCBuildConfiguration;
			buildSettings = {
				ALWAYS_SEARCH_USER_PATHS = NO;
				ARCHS = "$(ARCHS_STANDARD_64_BIT)";
				CLANG_CXX_LANGUAGE_STANDARD = "gnu++0x";
				CLANG_ENABLE_OBJC_ARC = YES;
				CLANG_WARN__DUPLICATE_METHOD_MATCH = YES;
				COPY_PHASE_STRIP = YES;
				DEBUG_INFORMATION_FORMAT = "dwarf-with-dsym";
				GCC_C_LANGUAGE_STANDARD = gnu99;
				GCC_ENABLE_OBJC_EXCEPTIONS = YES;
				GCC_WARN_64_TO_32_BIT_CONVERSION = YES;
				GCC_WARN_ABOUT_RETURN_TYPE = YES;
				GCC_WARN_UNINITIALIZED_AUTOS = YES;
				GCC_WARN_UNUSED_VARIABLE = YES;
				MACOSX_DEPLOYMENT_TARGET = 10.8;
				SDKROOT = macosx;
			};
			name = Release;
		};
		E2A1800015CDAEBC00BEE39E /* Debug */ = {
			isa = XCBuildConfiguration;
			buildSettings = {
				CODE_SIGN_ENTITLEMENTS = MacDrache/MacDrache.entitlements;
				CODE_SIGN_IDENTITY = "Mac Developer";
				COMBINE_HIDPI_IMAGES = YES;
				GCC_PRECOMPILE_PREFIX_HEADER = YES;
				GCC_PREFIX_HEADER = "MacDrache/MacDrache-Prefix.pch";
				INFOPLIST_FILE = "MacDrache/MacDrache-Info.plist";
				PRODUCT_NAME = "$(TARGET_NAME)";
				WRAPPER_EXTENSION = app;
			};
			name = Debug;
		};
		E2A1800115CDAEBC00BEE39E /* Release */ = {
			isa = XCBuildConfiguration;
			buildSettings = {
				CODE_SIGN_ENTITLEMENTS = MacDrache/MacDrache.entitlements;
				CODE_SIGN_IDENTITY = "Mac Developer";
				COMBINE_HIDPI_IMAGES = YES;
				GCC_PRECOMPILE_PREFIX_HEADER = YES;
				GCC_PREFIX_HEADER = "MacDrache/MacDrache-Prefix.pch";
				INFOPLIST_FILE = "MacDrache/MacDrache-Info.plist";
				PRODUCT_NAME = "$(TARGET_NAME)";
				WRAPPER_EXTENSION = app;
			};
			name = Release;
		};
/* End XCBuildConfiguration section */

/* Begin XCConfigurationList section */
		E2A17FDB15CDAEBC00BEE39E /* Build configuration list for PBXProject "MacDrache" */ = {
			isa = XCConfigurationList;
			buildConfigurations = (
				E2A17FFD15CDAEBC00BEE39E /* Debug */,
				E2A17FFE15CDAEBC00BEE39E /* Release */,
			);
			defaultConfigurationIsVisible = 0;
			defaultConfigurationName = Release;
		};
		E2A17FFF15CDAEBC00BEE39E /* Build configuration list for PBXNativeTarget "MacDrache" */ = {
			isa = XCConfigurationList;
			buildConfigurations = (
				E2A1800015CDAEBC00BEE39E /* Debug */,
				E2A1800115CDAEBC00BEE39E /* Release */,
			);
			defaultConfigurationIsVisible = 0;
		};
/* End XCConfigurationList section */
	};
	rootObject = E2A17FD815CDAEBC00BEE39E /* Project object */;
}
