
Microsoft Visual Studio Solution File, Format Version 11.00
# Visual Studio 2010
Project("{FAE04EC0-301F-11D3-BF4B-00C04F79EFBC}") = "LocationTester", "LocationTester.csproj", "{36747D52-2E74-4094-B2F9-EB1CC5A5B467}"
EndProject
Global
	GlobalSection(SolutionConfigurationPlatforms) = preSolution
		Debug|Any CPU = Debug|Any CPU
		Release|Any CPU = Release|Any CPU
	EndGlobalSection
	GlobalSection(ProjectConfigurationPlatforms) = postSolution
		{36747D52-2E74-4094-B2F9-EB1CC5A5B467}.Debug|Any CPU.ActiveCfg = Debug|Any CPU
		{36747D52-2E74-4094-B2F9-EB1CC5A5B467}.Debug|Any CPU.Build.0 = Debug|Any CPU
		{36747D52-2E74-4094-B2F9-EB1CC5A5B467}.Debug|Any CPU.Deploy.0 = Debug|Any CPU
		{36747D52-2E74-4094-B2F9-EB1CC5A5B467}.Release|Any CPU.ActiveCfg = Release|Any CPU
		{36747D52-2E74-4094-B2F9-EB1CC5A5B467}.Release|Any CPU.Build.0 = Release|Any CPU
		{36747D52-2E74-4094-B2F9-EB1CC5A5B467}.Release|Any CPU.Deploy.0 = Release|Any CPU
	EndGlobalSection
	GlobalSection(SolutionProperties) = preSolution
		HideSolutionNode = FALSE
	EndGlobalSection
EndGlobal
