
Microsoft Visual Studio Solution File, Format Version 12.00
# Visual Studio 2012
Project("{FAE04EC0-301F-11D3-BF4B-00C04F79EFBC}") = "Drash", "Drash\Drash.csproj", "{45CD7A5E-EEA4-4809-863C-223748FE6382}"
EndProject
Global
	GlobalSection(SolutionConfigurationPlatforms) = preSolution
		Debug|Any CPU = Debug|Any CPU
		Debug|ARM = Debug|ARM
		Debug|x64 = Debug|x64
		Debug|x86 = Debug|x86
		Release|Any CPU = Release|Any CPU
		Release|ARM = Release|ARM
		Release|x64 = Release|x64
		Release|x86 = Release|x86
	EndGlobalSection
	GlobalSection(ProjectConfigurationPlatforms) = postSolution
		{45CD7A5E-EEA4-4809-863C-223748FE6382}.Debug|Any CPU.ActiveCfg = Debug|Any CPU
		{45CD7A5E-EEA4-4809-863C-223748FE6382}.Debug|Any CPU.Build.0 = Debug|Any CPU
		{45CD7A5E-EEA4-4809-863C-223748FE6382}.Debug|Any CPU.Deploy.0 = Debug|Any CPU
		{45CD7A5E-EEA4-4809-863C-223748FE6382}.Debug|ARM.ActiveCfg = Debug|ARM
		{45CD7A5E-EEA4-4809-863C-223748FE6382}.Debug|ARM.Build.0 = Debug|ARM
		{45CD7A5E-EEA4-4809-863C-223748FE6382}.Debug|ARM.Deploy.0 = Debug|ARM
		{45CD7A5E-EEA4-4809-863C-223748FE6382}.Debug|x64.ActiveCfg = Debug|x64
		{45CD7A5E-EEA4-4809-863C-223748FE6382}.Debug|x64.Build.0 = Debug|x64
		{45CD7A5E-EEA4-4809-863C-223748FE6382}.Debug|x64.Deploy.0 = Debug|x64
		{45CD7A5E-EEA4-4809-863C-223748FE6382}.Debug|x86.ActiveCfg = Debug|x86
		{45CD7A5E-EEA4-4809-863C-223748FE6382}.Debug|x86.Build.0 = Debug|x86
		{45CD7A5E-EEA4-4809-863C-223748FE6382}.Debug|x86.Deploy.0 = Debug|x86
		{45CD7A5E-EEA4-4809-863C-223748FE6382}.Release|Any CPU.ActiveCfg = Release|Any CPU
		{45CD7A5E-EEA4-4809-863C-223748FE6382}.Release|Any CPU.Build.0 = Release|Any CPU
		{45CD7A5E-EEA4-4809-863C-223748FE6382}.Release|Any CPU.Deploy.0 = Release|Any CPU
		{45CD7A5E-EEA4-4809-863C-223748FE6382}.Release|ARM.ActiveCfg = Release|ARM
		{45CD7A5E-EEA4-4809-863C-223748FE6382}.Release|ARM.Build.0 = Release|ARM
		{45CD7A5E-EEA4-4809-863C-223748FE6382}.Release|ARM.Deploy.0 = Release|ARM
		{45CD7A5E-EEA4-4809-863C-223748FE6382}.Release|x64.ActiveCfg = Release|x64
		{45CD7A5E-EEA4-4809-863C-223748FE6382}.Release|x64.Build.0 = Release|x64
		{45CD7A5E-EEA4-4809-863C-223748FE6382}.Release|x64.Deploy.0 = Release|x64
		{45CD7A5E-EEA4-4809-863C-223748FE6382}.Release|x86.ActiveCfg = Release|x86
		{45CD7A5E-EEA4-4809-863C-223748FE6382}.Release|x86.Build.0 = Release|x86
		{45CD7A5E-EEA4-4809-863C-223748FE6382}.Release|x86.Deploy.0 = Release|x86
	EndGlobalSection
	GlobalSection(SolutionProperties) = preSolution
		HideSolutionNode = FALSE
	EndGlobalSection
EndGlobal
